
Microsoft Visual Studio Solution File, Format Version 12.00
# Visual Studio 14
VisualStudioVersion = 14.0.25420.1
MinimumVisualStudioVersion = 10.0.40219.1
Project("{FAE04EC0-301F-11D3-BF4B-00C04F79EFBC}") = "Bunnies", "Bunnies\Bunnies.csproj", "{498E7BCE-C900-4962-BFA5-9249737EC984}"
EndProject
Project("{FAE04EC0-301F-11D3-BF4B-00C04F79EFBC}") = "Events", "Events\Events.csproj", "{E35C0159-4FC7-4F43-9227-8AEAF9002D49}"
EndProject
Global
	GlobalSection(SolutionConfigurationPlatforms) = preSolution
		Debug|Any CPU = Debug|Any CPU
		Release|Any CPU = Release|Any CPU
	EndGlobalSection
	GlobalSection(ProjectConfigurationPlatforms) = postSolution
		{498E7BCE-C900-4962-BFA5-9249737EC984}.Debug|Any CPU.ActiveCfg = Debug|Any CPU
		{498E7BCE-C900-4962-BFA5-9249737EC984}.Debug|Any CPU.Build.0 = Debug|Any CPU
		{498E7BCE-C900-4962-BFA5-9249737EC984}.Release|Any CPU.ActiveCfg = Release|Any CPU
		{498E7BCE-C900-4962-BFA5-9249737EC984}.Release|Any CPU.Build.0 = Release|Any CPU
		{E35C0159-4FC7-4F43-9227-8AEAF9002D49}.Debug|Any CPU.ActiveCfg = Debug|Any CPU
		{E35C0159-4FC7-4F43-9227-8AEAF9002D49}.Debug|Any CPU.Build.0 = Debug|Any CPU
		{E35C0159-4FC7-4F43-9227-8AEAF9002D49}.Release|Any CPU.ActiveCfg = Release|Any CPU
		{E35C0159-4FC7-4F43-9227-8AEAF9002D49}.Release|Any CPU.Build.0 = Release|Any CPU
	EndGlobalSection
	GlobalSection(SolutionProperties) = preSolution
		HideSolutionNode = FALSE
	EndGlobalSection
EndGlobal
