
Microsoft Visual Studio Solution File, Format Version 12.00
# Visual Studio 14
VisualStudioVersion = 14.0.25123.0
MinimumVisualStudioVersion = 10.0.40219.1
Project("{FAE04EC0-301F-11D3-BF4B-00C04F79EFBC}") = "01.FillTheMatrix", "FillTheMatrix\01.FillTheMatrix.csproj", "{64845F47-CE0E-4AB4-AF25-A45787A70BD6}"
EndProject
Project("{FAE04EC0-301F-11D3-BF4B-00C04F79EFBC}") = "02.MaximalSum", "MaximalSum\02.MaximalSum.csproj", "{7FFAED53-F3C8-4A4B-82CF-8F612C1D806E}"
EndProject
Project("{FAE04EC0-301F-11D3-BF4B-00C04F79EFBC}") = "03.SequenceInMatrix", "SequenceInMatrix\03.SequenceInMatrix.csproj", "{F711A4C7-3E01-4450-AEE1-F2110845EA3B}"
EndProject
Global
	GlobalSection(SolutionConfigurationPlatforms) = preSolution
		Debug|Any CPU = Debug|Any CPU
		Release|Any CPU = Release|Any CPU
	EndGlobalSection
	GlobalSection(ProjectConfigurationPlatforms) = postSolution
		{64845F47-CE0E-4AB4-AF25-A45787A70BD6}.Debug|Any CPU.ActiveCfg = Debug|Any CPU
		{64845F47-CE0E-4AB4-AF25-A45787A70BD6}.Debug|Any CPU.Build.0 = Debug|Any CPU
		{64845F47-CE0E-4AB4-AF25-A45787A70BD6}.Release|Any CPU.ActiveCfg = Release|Any CPU
		{64845F47-CE0E-4AB4-AF25-A45787A70BD6}.Release|Any CPU.Build.0 = Release|Any CPU
		{7FFAED53-F3C8-4A4B-82CF-8F612C1D806E}.Debug|Any CPU.ActiveCfg = Debug|Any CPU
		{7FFAED53-F3C8-4A4B-82CF-8F612C1D806E}.Debug|Any CPU.Build.0 = Debug|Any CPU
		{7FFAED53-F3C8-4A4B-82CF-8F612C1D806E}.Release|Any CPU.ActiveCfg = Release|Any CPU
		{7FFAED53-F3C8-4A4B-82CF-8F612C1D806E}.Release|Any CPU.Build.0 = Release|Any CPU
		{F711A4C7-3E01-4450-AEE1-F2110845EA3B}.Debug|Any CPU.ActiveCfg = Debug|Any CPU
		{F711A4C7-3E01-4450-AEE1-F2110845EA3B}.Debug|Any CPU.Build.0 = Debug|Any CPU
		{F711A4C7-3E01-4450-AEE1-F2110845EA3B}.Release|Any CPU.ActiveCfg = Release|Any CPU
		{F711A4C7-3E01-4450-AEE1-F2110845EA3B}.Release|Any CPU.Build.0 = Release|Any CPU
	EndGlobalSection
	GlobalSection(SolutionProperties) = preSolution
		HideSolutionNode = FALSE
	EndGlobalSection
EndGlobal
